// !$*UTF8*$!
{
	archiveVersion = 1;
	classes = {
	};
	objectVersion = 77;
	objects = {

/* Begin PBXBuildFile section */
		3B20081D2591F2D200446505 /* imageInfo.swift in Sources */ = {isa = PBXBuildFile; fileRef = 3B20081C2591F2D200446505 /* imageInfo.swift */; };
		3B283B96256EACCF002B999D /* main.swift in Sources */ = {isa = PBXBuildFile; fileRef = 3B283B95256EACCF002B999D /* main.swift */; };
		3B38EA0B2E58892500BAD457 /* Clicore in Frameworks */ = {isa = PBXBuildFile; productRef = 3B38EA0A2E58892500BAD457 /* Clicore */; };
		3B757FA62E54A47A00567756 /* imageprep.swift in Sources */ = {isa = PBXBuildFile; fileRef = 3B757FA52E54A47A00567756 /* imageprep.swift */; };
		3BF352A325756308009F8D72 /* action.swift in Sources */ = {isa = PBXBuildFile; fileRef = 3BF352A225756308009F8D72 /* action.swift */; };
/* End PBXBuildFile section */

/* Begin PBXCopyFilesBuildPhase section */
		3B283B90256EACCF002B999D /* CopyFiles */ = {
			isa = PBXCopyFilesBuildPhase;
			buildActionMask = 2147483647;
			dstPath = /usr/share/man/man1/;
			dstSubfolderSpec = 0;
			files = (
			);
			runOnlyForDeploymentPostprocessing = 1;
		};
/* End PBXCopyFilesBuildPhase section */

/* Begin PBXFileReference section */
		3B09E0EC2A7258CD003C3EF8 /* LICENSE.md */ = {isa = PBXFileReference; lastKnownFileType = net.daringfireball.markdown; path = LICENSE.md; sourceTree = "<group>"; };
		3B09E0ED2A7258CD003C3EF8 /* README.md */ = {isa = PBXFileReference; lastKnownFileType = net.daringfireball.markdown; path = README.md; sourceTree = "<group>"; };
		3B20081C2591F2D200446505 /* imageInfo.swift */ = {isa = PBXFileReference; lastKnownFileType = sourcecode.swift; path = imageInfo.swift; sourceTree = "<group>"; };
		3B283B92256EACCF002B999D /* imageprep */ = {isa = PBXFileReference; explicitFileType = "compiled.mach-o.executable"; includeInIndex = 0; path = imageprep; sourceTree = BUILT_PRODUCTS_DIR; };
		3B283B95256EACCF002B999D /* main.swift */ = {isa = PBXFileReference; lastKnownFileType = sourcecode.swift; path = main.swift; sourceTree = "<group>"; };
		3B283B9D256EAD4E002B999D /* Info.plist */ = {isa = PBXFileReference; lastKnownFileType = text.plist.xml; path = Info.plist; sourceTree = "<group>"; };
		3B757F9C2E54A07300567756 /* CHANGELOG.md */ = {isa = PBXFileReference; lastKnownFileType = net.daringfireball.markdown; path = CHANGELOG.md; sourceTree = "<group>"; };
		3B757F9D2E54A0C000567756 /* imageprep.1 */ = {isa = PBXFileReference; lastKnownFileType = text.man; path = imageprep.1; sourceTree = "<group>"; };
		3B757FA52E54A47A00567756 /* imageprep.swift */ = {isa = PBXFileReference; lastKnownFileType = sourcecode.swift; path = imageprep.swift; sourceTree = "<group>"; };
		3BD584592D13078F006388F1 /* 2000AD_0086_24.jpg */ = {isa = PBXFileReference; lastKnownFileType = image.jpeg; path = 2000AD_0086_24.jpg; sourceTree = "<group>"; };
		3BD5845A2D13078F006388F1 /* BBC Space Themes.jpg */ = {isa = PBXFileReference; lastKnownFileType = image.jpeg; path = "BBC Space Themes.jpg"; sourceTree = "<group>"; };
		3BD5845B2D13078F006388F1 /* doctor.png */ = {isa = PBXFileReference; lastKnownFileType = image.png; path = doctor.png; sourceTree = "<group>"; };
		3BD5845C2D13078F006388F1 /* Fourth Dimension.jpg */ = {isa = PBXFileReference; lastKnownFileType = image.jpeg; path = "Fourth Dimension.jpg"; sourceTree = "<group>"; };
		3BD5845D2D13078F006388F1 /* Out of this World.jpg */ = {isa = PBXFileReference; lastKnownFileType = image.jpeg; path = "Out of this World.jpg"; sourceTree = "<group>"; };
		3BD5845E2D13078F006388F1 /* Space Invaded.jpg */ = {isa = PBXFileReference; lastKnownFileType = image.jpeg; path = "Space Invaded.jpg"; sourceTree = "<group>"; };
		3BD5845F2D13078F006388F1 /* Star Wars and Other Great Space Themes.jpg */ = {isa = PBXFileReference; lastKnownFileType = image.jpeg; path = "Star Wars and Other Great Space Themes.jpg"; sourceTree = "<group>"; };
		3BD584612D13078F006388F1 /* README.md */ = {isa = PBXFileReference; lastKnownFileType = net.daringfireball.markdown; path = README.md; sourceTree = "<group>"; };
		3BD584622D13078F006388F1 /* testimageprep.zsh */ = {isa = PBXFileReference; lastKnownFileType = text.script.sh; path = testimageprep.zsh; sourceTree = "<group>"; };
		3BD584642D13079D006388F1 /* Package.swift */ = {isa = PBXFileReference; lastKnownFileType = sourcecode.swift; path = Package.swift; sourceTree = "<group>"; };
		3BF352A225756308009F8D72 /* action.swift */ = {isa = PBXFileReference; lastKnownFileType = sourcecode.swift; path = action.swift; sourceTree = "<group>"; };
/* End PBXFileReference section */

/* Begin PBXFrameworksBuildPhase section */
		3B283B8F256EACCF002B999D /* Frameworks */ = {
			isa = PBXFrameworksBuildPhase;
			buildActionMask = 2147483647;
			files = (
				3B38EA0B2E58892500BAD457 /* Clicore in Frameworks */,
			);
			runOnlyForDeploymentPostprocessing = 0;
		};
/* End PBXFrameworksBuildPhase section */

/* Begin PBXGroup section */
		3B09E0EE2A7258D6003C3EF8 /* Misc */ = {
			isa = PBXGroup;
			children = (
				3B09E0ED2A7258CD003C3EF8 /* README.md */,
				3B09E0EC2A7258CD003C3EF8 /* LICENSE.md */,
				3B757F9C2E54A07300567756 /* CHANGELOG.md */,
				3BD584642D13079D006388F1 /* Package.swift */,
			);
			name = Misc;
			sourceTree = "<group>";
		};
		3B283B89256EACCF002B999D = {
			isa = PBXGroup;
			children = (
				3B283B94256EACCF002B999D /* imageprep */,
				3BD584632D13078F006388F1 /* tests */,
				3B09E0EE2A7258D6003C3EF8 /* Misc */,
				3B757F9E2E54A0C000567756 /* manpage */,
				3B283B93256EACCF002B999D /* Products */,
			);
			sourceTree = "<group>";
		};
		3B283B93256EACCF002B999D /* Products */ = {
			isa = PBXGroup;
			children = (
				3B283B92256EACCF002B999D /* imageprep */,
			);
			name = Products;
			sourceTree = "<group>";
		};
		3B283B94256EACCF002B999D /* imageprep */ = {
			isa = PBXGroup;
			children = (
				3B283B95256EACCF002B999D /* main.swift */,
				3B757FA52E54A47A00567756 /* imageprep.swift */,
				3BF352A225756308009F8D72 /* action.swift */,
				3B20081C2591F2D200446505 /* imageInfo.swift */,
				3B283B9D256EAD4E002B999D /* Info.plist */,
			);
			path = imageprep;
			sourceTree = "<group>";
		};
		3B757F9E2E54A0C000567756 /* manpage */ = {
			isa = PBXGroup;
			children = (
				3B757F9D2E54A0C000567756 /* imageprep.1 */,
			);
			path = manpage;
			sourceTree = "<group>";
		};
		3BD584602D13078F006388F1 /* source */ = {
			isa = PBXGroup;
			children = (
				3BD584592D13078F006388F1 /* 2000AD_0086_24.jpg */,
				3BD5845A2D13078F006388F1 /* BBC Space Themes.jpg */,
				3BD5845B2D13078F006388F1 /* doctor.png */,
				3BD5845C2D13078F006388F1 /* Fourth Dimension.jpg */,
				3BD5845D2D13078F006388F1 /* Out of this World.jpg */,
				3BD5845E2D13078F006388F1 /* Space Invaded.jpg */,
				3BD5845F2D13078F006388F1 /* Star Wars and Other Great Space Themes.jpg */,
			);
			path = source;
			sourceTree = "<group>";
		};
		3BD584632D13078F006388F1 /* tests */ = {
			isa = PBXGroup;
			children = (
				3BD584602D13078F006388F1 /* source */,
				3BD584612D13078F006388F1 /* README.md */,
				3BD584622D13078F006388F1 /* testimageprep.zsh */,
			);
			path = tests;
			sourceTree = "<group>";
		};
/* End PBXGroup section */

/* Begin PBXNativeTarget section */
		3B283B91256EACCF002B999D /* imageprep */ = {
			isa = PBXNativeTarget;
			buildConfigurationList = 3B283B99256EACCF002B999D /* Build configuration list for PBXNativeTarget "imageprep" */;
			buildPhases = (
				3B283B8E256EACCF002B999D /* Sources */,
				3B283B8F256EACCF002B999D /* Frameworks */,
				3B283B90256EACCF002B999D /* CopyFiles */,
			);
			buildRules = (
			);
			dependencies = (
			);
			name = imageprep;
			productName = imageprep;
			productReference = 3B283B92256EACCF002B999D /* imageprep */;
			productType = "com.apple.product-type.tool";
		};
/* End PBXNativeTarget section */

/* Begin PBXProject section */
		3B283B8A256EACCF002B999D /* Project object */ = {
			isa = PBXProject;
			attributes = {
				BuildIndependentTargetsInParallel = YES;
				LastSwiftUpdateCheck = 1220;
				LastUpgradeCheck = 1640;
				TargetAttributes = {
					3B283B91256EACCF002B999D = {
						CreatedOnToolsVersion = 12.2;
					};
				};
			};
			buildConfigurationList = 3B283B8D256EACCF002B999D /* Build configuration list for PBXProject "imageprep" */;
			developmentRegion = en;
			hasScannedForEncodings = 0;
			knownRegions = (
				en,
				Base,
			);
			mainGroup = 3B283B89256EACCF002B999D;
			packageReferences = (
				3B38EA092E58892500BAD457 /* XCRemoteSwiftPackageReference "clicore" */,
			);
			preferredProjectObjectVersion = 77;
			productRefGroup = 3B283B93256EACCF002B999D /* Products */;
			projectDirPath = "";
			projectRoot = "";
			targets = (
				3B283B91256EACCF002B999D /* imageprep */,
			);
		};
/* End PBXProject section */

/* Begin PBXSourcesBuildPhase section */
		3B283B8E256EACCF002B999D /* Sources */ = {
			isa = PBXSourcesBuildPhase;
			buildActionMask = 2147483647;
			files = (
				3B283B96256EACCF002B999D /* main.swift in Sources */,
				3B20081D2591F2D200446505 /* imageInfo.swift in Sources */,
				3BF352A325756308009F8D72 /* action.swift in Sources */,
				3B757FA62E54A47A00567756 /* imageprep.swift in Sources */,
			);
			runOnlyForDeploymentPostprocessing = 0;
		};
/* End PBXSourcesBuildPhase section */

/* Begin XCBuildConfiguration section */
		3B283B97256EACCF002B999D /* Debug */ = {
			isa = XCBuildConfiguration;
			buildSettings = {
				ALWAYS_SEARCH_USER_PATHS = NO;
				CLANG_ANALYZER_NONNULL = YES;
				CLANG_ANALYZER_NUMBER_OBJECT_CONVERSION = YES_AGGRESSIVE;
				CLANG_CXX_LANGUAGE_STANDARD = "gnu++14";
				CLANG_CXX_LIBRARY = "libc++";
				CLANG_ENABLE_MODULES = YES;
				CLANG_ENABLE_OBJC_ARC = YES;
				CLANG_ENABLE_OBJC_WEAK = YES;
				CLANG_WARN_BLOCK_CAPTURE_AUTORELEASING = YES;
				CLANG_WARN_BOOL_CONVERSION = YES;
				CLANG_WARN_COMMA = YES;
				CLANG_WARN_CONSTANT_CONVERSION = YES;
				CLANG_WARN_DEPRECATED_OBJC_IMPLEMENTATIONS = YES;
				CLANG_WARN_DIRECT_OBJC_ISA_USAGE = YES_ERROR;
				CLANG_WARN_DOCUMENTATION_COMMENTS = YES;
				CLANG_WARN_EMPTY_BODY = YES;
				CLANG_WARN_ENUM_CONVERSION = YES;
				CLANG_WARN_INFINITE_RECURSION = YES;
				CLANG_WARN_INT_CONVERSION = YES;
				CLANG_WARN_NON_LITERAL_NULL_CONVERSION = YES;
				CLANG_WARN_OBJC_IMPLICIT_RETAIN_SELF = YES;
				CLANG_WARN_OBJC_LITERAL_CONVERSION = YES;
				CLANG_WARN_OBJC_ROOT_CLASS = YES_ERROR;
				CLANG_WARN_QUOTED_INCLUDE_IN_FRAMEWORK_HEADER = YES;
				CLANG_WARN_RANGE_LOOP_ANALYSIS = YES;
				CLANG_WARN_STRICT_PROTOTYPES = YES;
				CLANG_WARN_SUSPICIOUS_MOVE = YES;
				CLANG_WARN_UNGUARDED_AVAILABILITY = YES_AGGRESSIVE;
				CLANG_WARN_UNREACHABLE_CODE = YES;
				CLANG_WARN__DUPLICATE_METHOD_MATCH = YES;
				COPY_PHASE_STRIP = NO;
				DEAD_CODE_STRIPPING = YES;
				DEBUG_INFORMATION_FORMAT = dwarf;
				DEVELOPMENT_TEAM = Y5J3K52DNA;
				ENABLE_STRICT_OBJC_MSGSEND = YES;
				ENABLE_TESTABILITY = YES;
				ENABLE_USER_SCRIPT_SANDBOXING = YES;
				GCC_C_LANGUAGE_STANDARD = gnu11;
				GCC_DYNAMIC_NO_PIC = NO;
				GCC_NO_COMMON_BLOCKS = YES;
				GCC_OPTIMIZATION_LEVEL = 0;
				GCC_PREPROCESSOR_DEFINITIONS = (
					"DEBUG=1",
					"$(inherited)",
				);
				GCC_WARN_64_TO_32_BIT_CONVERSION = YES;
				GCC_WARN_ABOUT_RETURN_TYPE = YES_ERROR;
				GCC_WARN_UNDECLARED_SELECTOR = YES;
				GCC_WARN_UNINITIALIZED_AUTOS = YES_AGGRESSIVE;
				GCC_WARN_UNUSED_FUNCTION = YES;
				GCC_WARN_UNUSED_VARIABLE = YES;
				MACOSX_DEPLOYMENT_TARGET = 10.14;
				MTL_ENABLE_DEBUG_INFO = INCLUDE_SOURCE;
				MTL_FAST_MATH = YES;
				ONLY_ACTIVE_ARCH = YES;
				SDKROOT = macosx;
				SWIFT_ACTIVE_COMPILATION_CONDITIONS = DEBUG;
				SWIFT_OPTIMIZATION_LEVEL = "-Onone";
			};
			name = Debug;
		};
		3B283B98256EACCF002B999D /* Release */ = {
			isa = XCBuildConfiguration;
			buildSettings = {
				ALWAYS_SEARCH_USER_PATHS = NO;
				CLANG_ANALYZER_NONNULL = YES;
				CLANG_ANALYZER_NUMBER_OBJECT_CONVERSION = YES_AGGRESSIVE;
				CLANG_CXX_LANGUAGE_STANDARD = "gnu++14";
				CLANG_CXX_LIBRARY = "libc++";
				CLANG_ENABLE_MODULES = YES;
				CLANG_ENABLE_OBJC_ARC = YES;
				CLANG_ENABLE_OBJC_WEAK = YES;
				CLANG_WARN_BLOCK_CAPTURE_AUTORELEASING = YES;
				CLANG_WARN_BOOL_CONVERSION = YES;
				CLANG_WARN_COMMA = YES;
				CLANG_WARN_CONSTANT_CONVERSION = YES;
				CLANG_WARN_DEPRECATED_OBJC_IMPLEMENTATIONS = YES;
				CLANG_WARN_DIRECT_OBJC_ISA_USAGE = YES_ERROR;
				CLANG_WARN_DOCUMENTATION_COMMENTS = YES;
				CLANG_WARN_EMPTY_BODY = YES;
				CLANG_WARN_ENUM_CONVERSION = YES;
				CLANG_WARN_INFINITE_RECURSION = YES;
				CLANG_WARN_INT_CONVERSION = YES;
				CLANG_WARN_NON_LITERAL_NULL_CONVERSION = YES;
				CLANG_WARN_OBJC_IMPLICIT_RETAIN_SELF = YES;
				CLANG_WARN_OBJC_LITERAL_CONVERSION = YES;
				CLANG_WARN_OBJC_ROOT_CLASS = YES_ERROR;
				CLANG_WARN_QUOTED_INCLUDE_IN_FRAMEWORK_HEADER = YES;
				CLANG_WARN_RANGE_LOOP_ANALYSIS = YES;
				CLANG_WARN_STRICT_PROTOTYPES = YES;
				CLANG_WARN_SUSPICIOUS_MOVE = YES;
				CLANG_WARN_UNGUARDED_AVAILABILITY = YES_AGGRESSIVE;
				CLANG_WARN_UNREACHABLE_CODE = YES;
				CLANG_WARN__DUPLICATE_METHOD_MATCH = YES;
				COPY_PHASE_STRIP = NO;
				DEAD_CODE_STRIPPING = YES;
				DEBUG_INFORMATION_FORMAT = "dwarf-with-dsym";
				DEVELOPMENT_TEAM = Y5J3K52DNA;
				ENABLE_NS_ASSERTIONS = NO;
				ENABLE_STRICT_OBJC_MSGSEND = YES;
				ENABLE_USER_SCRIPT_SANDBOXING = YES;
				GCC_C_LANGUAGE_STANDARD = gnu11;
				GCC_NO_COMMON_BLOCKS = YES;
				GCC_WARN_64_TO_32_BIT_CONVERSION = YES;
				GCC_WARN_ABOUT_RETURN_TYPE = YES_ERROR;
				GCC_WARN_UNDECLARED_SELECTOR = YES;
				GCC_WARN_UNINITIALIZED_AUTOS = YES_AGGRESSIVE;
				GCC_WARN_UNUSED_FUNCTION = YES;
				GCC_WARN_UNUSED_VARIABLE = YES;
				MACOSX_DEPLOYMENT_TARGET = 10.14;
				MTL_ENABLE_DEBUG_INFO = NO;
				MTL_FAST_MATH = YES;
				SDKROOT = macosx;
				SWIFT_COMPILATION_MODE = wholemodule;
				SWIFT_OPTIMIZATION_LEVEL = "-O";
			};
			name = Release;
		};
		3B283B9A256EACCF002B999D /* Debug */ = {
			isa = XCBuildConfiguration;
			buildSettings = {
				CODE_SIGN_IDENTITY = "Apple Development";
				"CODE_SIGN_IDENTITY[sdk=macosx*]" = "Developer ID Application";
				CODE_SIGN_INJECT_BASE_ENTITLEMENTS = NO;
				CODE_SIGN_STYLE = Manual;
				CREATE_INFOPLIST_SECTION_IN_BINARY = YES;
				CURRENT_PROJECT_VERSION = 159;
				DEAD_CODE_STRIPPING = YES;
				"DEVELOPMENT_TEAM[sdk=macosx*]" = Y5J3K52DNA;
				DSTROOT = $SRCROOT/build/pkgroot;
				ENABLE_HARDENED_RUNTIME = YES;
				INFOPLIST_FILE = "$(SRCROOT)/imageprep/Info.plist";
				MACOSX_DEPLOYMENT_TARGET = 11.5;
				MARKETING_VERSION = 7.1.0;
				OTHER_CODE_SIGN_FLAGS = "--timestamp";
				PRODUCT_BUNDLE_IDENTIFIER = com.bps.imageprep;
				PRODUCT_NAME = "$(TARGET_NAME)";
				PROVISIONING_PROFILE_SPECIFIER = "";
				SWIFT_OPTIMIZATION_LEVEL = "-Osize";
				SWIFT_VERSION = 5.0;
			};
			name = Debug;
		};
		3B283B9B256EACCF002B999D /* Release */ = {
			isa = XCBuildConfiguration;
			buildSettings = {
				CODE_SIGN_IDENTITY = "Apple Development";
				"CODE_SIGN_IDENTITY[sdk=macosx*]" = "Developer ID Application";
				CODE_SIGN_INJECT_BASE_ENTITLEMENTS = NO;
				CODE_SIGN_STYLE = Manual;
				CREATE_INFOPLIST_SECTION_IN_BINARY = YES;
				CURRENT_PROJECT_VERSION = 159;
				DEAD_CODE_STRIPPING = YES;
				"DEVELOPMENT_TEAM[sdk=macosx*]" = Y5J3K52DNA;
				DSTROOT = $SRCROOT/build/pkgroot;
				ENABLE_HARDENED_RUNTIME = YES;
				INFOPLIST_FILE = "$(SRCROOT)/imageprep/Info.plist";
				MACOSX_DEPLOYMENT_TARGET = 11.5;
				MARKETING_VERSION = 7.1.0;
				OTHER_CODE_SIGN_FLAGS = "--timestamp";
				PRODUCT_BUNDLE_IDENTIFIER = com.bps.imageprep;
				PRODUCT_NAME = "$(TARGET_NAME)";
				PROVISIONING_PROFILE_SPECIFIER = "";
				SWIFT_VERSION = 5.0;
			};
			name = Release;
		};
/* End XCBuildConfiguration section */

/* Begin XCConfigurationList section */
		3B283B8D256EACCF002B999D /* Build configuration list for PBXProject "imageprep" */ = {
			isa = XCConfigurationList;
			buildConfigurations = (
				3B283B97256EACCF002B999D /* Debug */,
				3B283B98256EACCF002B999D /* Release */,
			);
			defaultConfigurationIsVisible = 0;
			defaultConfigurationName = Release;
		};
		3B283B99256EACCF002B999D /* Build configuration list for PBXNativeTarget "imageprep" */ = {
			isa = XCConfigurationList;
			buildConfigurations = (
				3B283B9A256EACCF002B999D /* Debug */,
				3B283B9B256EACCF002B999D /* Release */,
			);
			defaultConfigurationIsVisible = 0;
			defaultConfigurationName = Release;
		};
/* End XCConfigurationList section */

/* Begin XCRemoteSwiftPackageReference section */
		3B38EA092E58892500BAD457 /* XCRemoteSwiftPackageReference "clicore" */ = {
			isa = XCRemoteSwiftPackageReference;
			repositoryURL = "https://github.com/smittytone/clicore";
			requirement = {
				branch = main;
				kind = branch;
			};
		};
/* End XCRemoteSwiftPackageReference section */

/* Begin XCSwiftPackageProductDependency section */
		3B38EA0A2E58892500BAD457 /* Clicore */ = {
			isa = XCSwiftPackageProductDependency;
			package = 3B38EA092E58892500BAD457 /* XCRemoteSwiftPackageReference "clicore" */;
			productName = Clicore;
		};
/* End XCSwiftPackageProductDependency section */
	};
	rootObject = 3B283B8A256EACCF002B999D /* Project object */;
}
